
Microsoft Visual Studio Solution File, Format Version 12.00
# Visual Studio Version 16
VisualStudioVersion = 16.0.31205.134
MinimumVisualStudioVersion = 10.0.40219.1
Project("{9A19103F-16F7-4668-BE54-9A1E7A4F7556}") = "ControlSync", "ControlSync\ControlSync.csproj", "{FE66807C-3F8F-4156-A8D3-877279307F88}"
EndProject
Project("{FAE04EC0-301F-11D3-BF4B-00C04F79EFBC}") = "Server", "Server\Server.csproj", "{3DF2327C-0ABD-455A-A3B2-754099C722FB}"
EndProject
Global
	GlobalSection(SolutionConfigurationPlatforms) = preSolution
		Debug|Any CPU = Debug|Any CPU
		Release|Any CPU = Release|Any CPU
	EndGlobalSection
	GlobalSection(ProjectConfigurationPlatforms) = postSolution
		{FE66807C-3F8F-4156-A8D3-877279307F88}.Debug|Any CPU.ActiveCfg = Debug|Any CPU
		{FE66807C-3F8F-4156-A8D3-877279307F88}.Debug|Any CPU.Build.0 = Debug|Any CPU
		{FE66807C-3F8F-4156-A8D3-877279307F88}.Release|Any CPU.ActiveCfg = Release|Any CPU
		{FE66807C-3F8F-4156-A8D3-877279307F88}.Release|Any CPU.Build.0 = Release|Any CPU
		{3DF2327C-0ABD-455A-A3B2-754099C722FB}.Debug|Any CPU.ActiveCfg = Debug|Any CPU
		{3DF2327C-0ABD-455A-A3B2-754099C722FB}.Debug|Any CPU.Build.0 = Debug|Any CPU
		{3DF2327C-0ABD-455A-A3B2-754099C722FB}.Release|Any CPU.ActiveCfg = Release|Any CPU
		{3DF2327C-0ABD-455A-A3B2-754099C722FB}.Release|Any CPU.Build.0 = Release|Any CPU
	EndGlobalSection
	GlobalSection(SolutionProperties) = preSolution
		HideSolutionNode = FALSE
	EndGlobalSection
	GlobalSection(ExtensibilityGlobals) = postSolution
		SolutionGuid = {813C0E41-3630-412F-B084-1CBC8B8FA9D7}
	EndGlobalSection
EndGlobal
